
Microsoft Visual Studio Solution File, Format Version 12.00
# Visual Studio Version 17
VisualStudioVersion = 17.14.36401.2 d17.14
MinimumVisualStudioVersion = 10.0.40219.1
Project("{FAE04EC0-301F-11D3-BF4B-00C04F79EFBC}") = "TodoApplication", "TodoApplication\TodoApplication.csproj", "{12666EC6-44D9-42C5-B6E3-4D766389ACA1}"
EndProject
Global
	GlobalSection(SolutionConfigurationPlatforms) = preSolution
		Debug|Any CPU = Debug|Any CPU
		Release|Any CPU = Release|Any CPU
	EndGlobalSection
	GlobalSection(ProjectConfigurationPlatforms) = postSolution
		{12666EC6-44D9-42C5-B6E3-4D766389ACA1}.Debug|Any CPU.ActiveCfg = Debug|Any CPU
		{12666EC6-44D9-42C5-B6E3-4D766389ACA1}.Debug|Any CPU.Build.0 = Debug|Any CPU
		{12666EC6-44D9-42C5-B6E3-4D766389ACA1}.Release|Any CPU.ActiveCfg = Release|Any CPU
		{12666EC6-44D9-42C5-B6E3-4D766389ACA1}.Release|Any CPU.Build.0 = Release|Any CPU
	EndGlobalSection
	GlobalSection(SolutionProperties) = preSolution
		HideSolutionNode = FALSE
	EndGlobalSection
	GlobalSection(ExtensibilityGlobals) = postSolution
		SolutionGuid = {5DD8B0BD-B055-4431-8361-C89F5268E354}
	EndGlobalSection
EndGlobal
